// !$*UTF8*$!
{
	archiveVersion = 1;
	classes = {
	};
	objectVersion = 46;
	objects = {

/* Begin PBXBuildFile section */
		8BFA27BF1EB4593B00612F46 /* AppDelegate.swift in Sources */ = {isa = PBXBuildFile; fileRef = 8BFA27BE1EB4593B00612F46 /* AppDelegate.swift */; };
		8BFA27C11EB4593B00612F46 /* ViewController.swift in Sources */ = {isa = PBXBuildFile; fileRef = 8BFA27C01EB4593B00612F46 /* ViewController.swift */; };
		8BFA27C41EB4593B00612F46 /* Main.storyboard in Resources */ = {isa = PBXBuildFile; fileRef = 8BFA27C21EB4593B00612F46 /* Main.storyboard */; };
		8BFA27C61EB4593B00612F46 /* Assets.xcassets in Resources */ = {isa = PBXBuildFile; fileRef = 8BFA27C51EB4593B00612F46 /* Assets.xcassets */; };
		8BFA27C91EB4593B00612F46 /* LaunchScreen.storyboard in Resources */ = {isa = PBXBuildFile; fileRef = 8BFA27C71EB4593B00612F46 /* LaunchScreen.storyboard */; };
/* End PBXBuildFile section */

/* Begin PBXFileReference section */
		8BFA27BB1EB4593B00612F46 /* AutolayoutScrollview1.app */ = {isa = PBXFileReference; explicitFileType = wrapper.application; includeInIndex = 0; path = AutolayoutScrollview1.app; sourceTree = BUILT_PRODUCTS_DIR; };
		8BFA27BE1EB4593B00612F46 /* AppDelegate.swift */ = {isa = PBXFileReference; lastKnownFileType = sourcecode.swift; path = AppDelegate.swift; sourceTree = "<group>"; };
		8BFA27C01EB4593B00612F46 /* ViewController.swift */ = {isa = PBXFileReference; lastKnownFileType = sourcecode.swift; path = ViewController.swift; sourceTree = "<group>"; };
		8BFA27C31EB4593B00612F46 /* Base */ = {isa = PBXFileReference; lastKnownFileType = file.storyboard; name = Base; path = Base.lproj/Main.storyboard; sourceTree = "<group>"; };
		8BFA27C51EB4593B00612F46 /* Assets.xcassets */ = {isa = PBXFileReference; lastKnownFileType = folder.assetcatalog; path = Assets.xcassets; sourceTree = "<group>"; };
		8BFA27C81EB4593B00612F46 /* Base */ = {isa = PBXFileReference; lastKnownFileType = file.storyboard; name = Base; path = Base.lproj/LaunchScreen.storyboard; sourceTree = "<group>"; };
		8BFA27CA1EB4593B00612F46 /* Info.plist */ = {isa = PBXFileReference; lastKnownFileType = text.plist.xml; path = Info.plist; sourceTree = "<group>"; };
/* End PBXFileReference section */

/* Begin PBXFrameworksBuildPhase section */
		8BFA27B81EB4593A00612F46 /* Frameworks */ = {
			isa = PBXFrameworksBuildPhase;
			buildActionMask = 2147483647;
			files = (
			);
			runOnlyForDeploymentPostprocessing = 0;
		};
/* End PBXFrameworksBuildPhase section */

/* Begin PBXGroup section */
		8BFA27B21EB4593A00612F46 = {
			isa = PBXGroup;
			children = (
				8BFA27BD1EB4593B00612F46 /* AutolayoutScrollview1 */,
				8BFA27BC1EB4593B00612F46 /* Products */,
			);
			sourceTree = "<group>";
		};
		8BFA27BC1EB4593B00612F46 /* Products */ = {
			isa = PBXGroup;
			children = (
				8BFA27BB1EB4593B00612F46 /* AutolayoutScrollview1.app */,
			);
			name = Products;
			sourceTree = "<group>";
		};
		8BFA27BD1EB4593B00612F46 /* AutolayoutScrollview1 */ = {
			isa = PBXGroup;
			children = (
				8BFA27BE1EB4593B00612F46 /* AppDelegate.swift */,
				8BFA27C01EB4593B00612F46 /* ViewController.swift */,
				8BFA27C21EB4593B00612F46 /* Main.storyboard */,
				8BFA27C51EB4593B00612F46 /* Assets.xcassets */,
				8BFA27C71EB4593B00612F46 /* LaunchScreen.storyboard */,
				8BFA27CA1EB4593B00612F46 /* Info.plist */,
			);
			path = AutolayoutScrollview1;
			sourceTree = "<group>";
		};
/* End PBXGroup section */

/* Begin PBXNativeTarget section */
		8BFA27BA1EB4593A00612F46 /* AutolayoutScrollview1 */ = {
			isa = PBXNativeTarget;
			buildConfigurationList = 8BFA27CD1EB4593B00612F46 /* Build configuration list for PBXNativeTarget "AutolayoutScrollview1" */;
			buildPhases = (
				8BFA27B71EB4593A00612F46 /* Sources */,
				8BFA27B81EB4593A00612F46 /* Frameworks */,
				8BFA27B91EB4593A00612F46 /* Resources */,
			);
			buildRules = (
			);
			dependencies = (
			);
			name = AutolayoutScrollview1;
			productName = AutolayoutScrollview1;
			productReference = 8BFA27BB1EB4593B00612F46 /* AutolayoutScrollview1.app */;
			productType = "com.apple.product-type.application";
		};
/* End PBXNativeTarget section */

/* Begin PBXProject section */
		8BFA27B31EB4593A00612F46 /* Project object */ = {
			isa = PBXProject;
			attributes = {
				LastSwiftUpdateCheck = 0820;
				LastUpgradeCheck = 0820;
				ORGANIZATIONNAME = CodeKul;
				TargetAttributes = {
					8BFA27BA1EB4593A00612F46 = {
						CreatedOnToolsVersion = 8.2.1;
						ProvisioningStyle = Automatic;
					};
				};
			};
			buildConfigurationList = 8BFA27B61EB4593A00612F46 /* Build configuration list for PBXProject "AutolayoutScrollview1" */;
			compatibilityVersion = "Xcode 3.2";
			developmentRegion = English;
			hasScannedForEncodings = 0;
			knownRegions = (
				en,
				Base,
			);
			mainGroup = 8BFA27B21EB4593A00612F46;
			productRefGroup = 8BFA27BC1EB4593B00612F46 /* Products */;
			projectDirPath = "";
			projectRoot = "";
			targets = (
				8BFA27BA1EB4593A00612F46 /* AutolayoutScrollview1 */,
			);
		};
/* End PBXProject section */

/* Begin PBXResourcesBuildPhase section */
		8BFA27B91EB4593A00612F46 /* Resources */ = {
			isa = PBXResourcesBuildPhase;
			buildActionMask = 2147483647;
			files = (
				8BFA27C91EB4593B00612F46 /* LaunchScreen.storyboard in Resources */,
				8BFA27C61EB4593B00612F46 /* Assets.xcassets in Resources */,
				8BFA27C41EB4593B00612F46 /* Main.storyboard in Resources */,
			);
			runOnlyForDeploymentPostprocessing = 0;
		};
/* End PBXResourcesBuildPhase section */

/* Begin PBXSourcesBuildPhase section */
		8BFA27B71EB4593A00612F46 /* Sources */ = {
			isa = PBXSourcesBuildPhase;
			buildActionMask = 2147483647;
			files = (
				8BFA27C11EB4593B00612F46 /* ViewController.swift in Sources */,
				8BFA27BF1EB4593B00612F46 /* AppDelegate.swift in Sources */,
			);
			runOnlyForDeploymentPostprocessing = 0;
		};
/* End PBXSourcesBuildPhase section */

/* Begin PBXVariantGroup section */
		8BFA27C21EB4593B00612F46 /* Main.storyboard */ = {
			isa = PBXVariantGroup;
			children = (
				8BFA27C31EB4593B00612F46 /* Base */,
			);
			name = Main.storyboard;
			sourceTree = "<group>";
		};
		8BFA27C71EB4593B00612F46 /* LaunchScreen.storyboard */ = {
			isa = PBXVariantGroup;
			children = (
				8BFA27C81EB4593B00612F46 /* Base */,
			);
			name = LaunchScreen.storyboard;
			sourceTree = "<group>";
		};
/* End PBXVariantGroup section */

/* Begin XCBuildConfiguration section */
		8BFA27CB1EB4593B00612F46 /* Debug */ = {
			isa = XCBuildConfiguration;
			buildSettings = {
				ALWAYS_SEARCH_USER_PATHS = NO;
				CLANG_ANALYZER_NONNULL = YES;
				CLANG_CXX_LANGUAGE_STANDARD = "gnu++0x";
				CLANG_CXX_LIBRARY = "libc++";
				CLANG_ENABLE_MODULES = YES;
				CLANG_ENABLE_OBJC_ARC = YES;
				CLANG_WARN_BOOL_CONVERSION = YES;
				CLANG_WARN_CONSTANT_CONVERSION = YES;
				CLANG_WARN_DIRECT_OBJC_ISA_USAGE = YES_ERROR;
				CLANG_WARN_DOCUMENTATION_COMMENTS = YES;
				CLANG_WARN_EMPTY_BODY = YES;
				CLANG_WARN_ENUM_CONVERSION = YES;
				CLANG_WARN_INFINITE_RECURSION = YES;
				CLANG_WARN_INT_CONVERSION = YES;
				CLANG_WARN_OBJC_ROOT_CLASS = YES_ERROR;
				CLANG_WARN_SUSPICIOUS_MOVE = YES;
				CLANG_WARN_UNREACHABLE_CODE = YES;
				CLANG_WARN__DUPLICATE_METHOD_MATCH = YES;
				"CODE_SIGN_IDENTITY[sdk=iphoneos*]" = "iPhone Developer";
				COPY_PHASE_STRIP = NO;
				DEBUG_INFORMATION_FORMAT = dwarf;
				ENABLE_STRICT_OBJC_MSGSEND = YES;
				ENABLE_TESTABILITY = YES;
				GCC_C_LANGUAGE_STANDARD = gnu99;
				GCC_DYNAMIC_NO_PIC = NO;
				GCC_NO_COMMON_BLOCKS = YES;
				GCC_OPTIMIZATION_LEVEL = 0;
				GCC_PREPROCESSOR_DEFINITIONS = (
					"DEBUG=1",
					"$(inherited)",
				);
				GCC_WARN_64_TO_32_BIT_CONVERSION = YES;
				GCC_WARN_ABOUT_RETURN_TYPE = YES_ERROR;
				GCC_WARN_UNDECLARED_SELECTOR = YES;
				GCC_WARN_UNINITIALIZED_AUTOS = YES_AGGRESSIVE;
				GCC_WARN_UNUSED_FUNCTION = YES;
				GCC_WARN_UNUSED_VARIABLE = YES;
				IPHONEOS_DEPLOYMENT_TARGET = 10.2;
				MTL_ENABLE_DEBUG_INFO = YES;
				ONLY_ACTIVE_ARCH = YES;
				SDKROOT = iphoneos;
				SWIFT_ACTIVE_COMPILATION_CONDITIONS = DEBUG;
				SWIFT_OPTIMIZATION_LEVEL = "-Onone";
			};
			name = Debug;
		};
		8BFA27CC1EB4593B00612F46 /* Release */ = {
			isa = XCBuildConfiguration;
			buildSettings = {
				ALWAYS_SEARCH_USER_PATHS = NO;
				CLANG_ANALYZER_NONNULL = YES;
				CLANG_CXX_LANGUAGE_STANDARD = "gnu++0x";
				CLANG_CXX_LIBRARY = "libc++";
				CLANG_ENABLE_MODULES = YES;
				CLANG_ENABLE_OBJC_ARC = YES;
				CLANG_WARN_BOOL_CONVERSION = YES;
				CLANG_WARN_CONSTANT_CONVERSION = YES;
				CLANG_WARN_DIRECT_OBJC_ISA_USAGE = YES_ERROR;
				CLANG_WARN_DOCUMENTATION_COMMENTS = YES;
				CLANG_WARN_EMPTY_BODY = YES;
				CLANG_WARN_ENUM_CONVERSION = YES;
				CLANG_WARN_INFINITE_RECURSION = YES;
				CLANG_WARN_INT_CONVERSION = YES;
				CLANG_WARN_OBJC_ROOT_CLASS = YES_ERROR;
				CLANG_WARN_SUSPICIOUS_MOVE = YES;
				CLANG_WARN_UNREACHABLE_CODE = YES;
				CLANG_WARN__DUPLICATE_METHOD_MATCH = YES;
				"CODE_SIGN_IDENTITY[sdk=iphoneos*]" = "iPhone Developer";
				COPY_PHASE_STRIP = NO;
				DEBUG_INFORMATION_FORMAT = "dwarf-with-dsym";
				ENABLE_NS_ASSERTIONS = NO;
				ENABLE_STRICT_OBJC_MSGSEND = YES;
				GCC_C_LANGUAGE_STANDARD = gnu99;
				GCC_NO_COMMON_BLOCKS = YES;
				GCC_WARN_64_TO_32_BIT_CONVERSION = YES;
				GCC_WARN_ABOUT_RETURN_TYPE = YES_ERROR;
				GCC_WARN_UNDECLARED_SELECTOR = YES;
				GCC_WARN_UNINITIALIZED_AUTOS = YES_AGGRESSIVE;
				GCC_WARN_UNUSED_FUNCTION = YES;
				GCC_WARN_UNUSED_VARIABLE = YES;
				IPHONEOS_DEPLOYMENT_TARGET = 10.2;
				MTL_ENABLE_DEBUG_INFO = NO;
				SDKROOT = iphoneos;
				SWIFT_OPTIMIZATION_LEVEL = "-Owholemodule";
				VALIDATE_PRODUCT = YES;
			};
			name = Release;
		};
		8BFA27CE1EB4593B00612F46 /* Debug */ = {
			isa = XCBuildConfiguration;
			buildSettings = {
				ASSETCATALOG_COMPILER_APPICON_NAME = AppIcon;
				INFOPLIST_FILE = AutolayoutScrollview1/Info.plist;
				LD_RUNPATH_SEARCH_PATHS = "$(inherited) @executable_path/Frameworks";
				PRODUCT_BUNDLE_IDENTIFIER = com.codekul.AutolayoutScrollview1;
				PRODUCT_NAME = "$(TARGET_NAME)";
				SWIFT_VERSION = 3.0;
			};
			name = Debug;
		};
		8BFA27CF1EB4593B00612F46 /* Release */ = {
			isa = XCBuildConfiguration;
			buildSettings = {
				ASSETCATALOG_COMPILER_APPICON_NAME = AppIcon;
				INFOPLIST_FILE = AutolayoutScrollview1/Info.plist;
				LD_RUNPATH_SEARCH_PATHS = "$(inherited) @executable_path/Frameworks";
				PRODUCT_BUNDLE_IDENTIFIER = com.codekul.AutolayoutScrollview1;
				PRODUCT_NAME = "$(TARGET_NAME)";
				SWIFT_VERSION = 3.0;
			};
			name = Release;
		};
/* End XCBuildConfiguration section */

/* Begin XCConfigurationList section */
		8BFA27B61EB4593A00612F46 /* Build configuration list for PBXProject "AutolayoutScrollview1" */ = {
			isa = XCConfigurationList;
			buildConfigurations = (
				8BFA27CB1EB4593B00612F46 /* Debug */,
				8BFA27CC1EB4593B00612F46 /* Release */,
			);
			defaultConfigurationIsVisible = 0;
			defaultConfigurationName = Release;
		};
		8BFA27CD1EB4593B00612F46 /* Build configuration list for PBXNativeTarget "AutolayoutScrollview1" */ = {
			isa = XCConfigurationList;
			buildConfigurations = (
				8BFA27CE1EB4593B00612F46 /* Debug */,
				8BFA27CF1EB4593B00612F46 /* Release */,
			);
			defaultConfigurationIsVisible = 0;
		};
/* End XCConfigurationList section */
	};
	rootObject = 8BFA27B31EB4593A00612F46 /* Project object */;
}
